
Microsoft Visual Studio Solution File, Format Version 12.00
# Visual Studio Version 17
VisualStudioVersion = 17.10.35013.160
MinimumVisualStudioVersion = 10.0.40219.1
Project("{FAE04EC0-301F-11D3-BF4B-00C04F79EFBC}") = "PatikaWeek5PracticeIMDBList", "PatikaWeek5PracticeIMDBList\PatikaWeek5PracticeIMDBList.csproj", "{9060BE6C-45BC-4284-8426-8DF2571D574A}"
EndProject
Global
	GlobalSection(SolutionConfigurationPlatforms) = preSolution
		Debug|Any CPU = Debug|Any CPU
		Release|Any CPU = Release|Any CPU
	EndGlobalSection
	GlobalSection(ProjectConfigurationPlatforms) = postSolution
		{9060BE6C-45BC-4284-8426-8DF2571D574A}.Debug|Any CPU.ActiveCfg = Debug|Any CPU
		{9060BE6C-45BC-4284-8426-8DF2571D574A}.Debug|Any CPU.Build.0 = Debug|Any CPU
		{9060BE6C-45BC-4284-8426-8DF2571D574A}.Release|Any CPU.ActiveCfg = Release|Any CPU
		{9060BE6C-45BC-4284-8426-8DF2571D574A}.Release|Any CPU.Build.0 = Release|Any CPU
	EndGlobalSection
	GlobalSection(SolutionProperties) = preSolution
		HideSolutionNode = FALSE
	EndGlobalSection
	GlobalSection(ExtensibilityGlobals) = postSolution
		SolutionGuid = {0B5DA94B-217A-47F8-B960-09C3DA1BFB23}
	EndGlobalSection
EndGlobal
